// !$*UTF8*$!
{
	archiveVersion = 1;
	classes = {
	};
	objectVersion = 56;
	objects = {

/* Begin PBXBuildFile section */
		7E085C7E2E60A86E00558D8C /* FirebaseAuth in Frameworks */ = {isa = PBXBuildFile; productRef = 7E085C7D2E60A86E00558D8C /* FirebaseAuth */; };
		7E085C802E60A86E00558D8C /* FirebaseCore in Frameworks */ = {isa = PBXBuildFile; productRef = 7E085C7F2E60A86E00558D8C /* FirebaseCore */; };
		7E085C822E60A86E00558D8C /* FirebaseFirestore in Frameworks */ = {isa = PBXBuildFile; productRef = 7E085C812E60A86E00558D8C /* FirebaseFirestore */; };
		7E085C852E60A96700558D8C /* FirebaseTest.swift in Sources */ = {isa = PBXBuildFile; fileRef = 7E085C842E60A96700558D8C /* FirebaseTest.swift */; };
		7E085C872E60AAB800558D8C /* AuthService.swift in Sources */ = {isa = PBXBuildFile; fileRef = 7E085C862E60AAB800558D8C /* AuthService.swift */; };
		7E085C892E60AACF00558D8C /* FirestoreService.swift in Sources */ = {isa = PBXBuildFile; fileRef = 7E085C882E60AACF00558D8C /* FirestoreService.swift */; };
		7E0EF37D2E5555B500B41643 /* RootTabView.swift in Sources */ = {isa = PBXBuildFile; fileRef = 7E0EF37C2E5555B500B41643 /* RootTabView.swift */; };
		7E0EF37F2E5555F600B41643 /* InsightsView.swift in Sources */ = {isa = PBXBuildFile; fileRef = 7E0EF37E2E5555F600B41643 /* InsightsView.swift */; };
		7E0EF3812E55560800B41643 /* SettingsView.swift in Sources */ = {isa = PBXBuildFile; fileRef = 7E0EF3802E55560800B41643 /* SettingsView.swift */; };
		7E0EF3832E55579F00B41643 /* SessionsHomeView.swift in Sources */ = {isa = PBXBuildFile; fileRef = 7E0EF3822E55579F00B41643 /* SessionsHomeView.swift */; };
		7E0EF38F2E555FBF00B41643 /* SummaryDetailView.swift in Sources */ = {isa = PBXBuildFile; fileRef = 7E0EF38E2E555FBF00B41643 /* SummaryDetailView.swift */; };
		7E2E49162E4E4BCD0021AA2C /* OrbConfiguration.swift in Sources */ = {isa = PBXBuildFile; fileRef = 7E2E49152E4E4BCD0021AA2C /* OrbConfiguration.swift */; };
		7E2E49182E4E4C040021AA2C /* OrbView.swift in Sources */ = {isa = PBXBuildFile; fileRef = 7E2E49172E4E4C040021AA2C /* OrbView.swift */; };
		7E2E491A2E4E4C2D0021AA2C /* RotatingGlowView.swift in Sources */ = {isa = PBXBuildFile; fileRef = 7E2E49192E4E4C2D0021AA2C /* RotatingGlowView.swift */; };
		7E2E491C2E4E4C440021AA2C /* WavyBlobView.swift in Sources */ = {isa = PBXBuildFile; fileRef = 7E2E491B2E4E4C440021AA2C /* WavyBlobView.swift */; };
		7E2E491E2E4E4C5E0021AA2C /* ParticlesView.swift in Sources */ = {isa = PBXBuildFile; fileRef = 7E2E491D2E4E4C5E0021AA2C /* ParticlesView.swift */; };
		7E2E49202E4E4C750021AA2C /* RealisticShadows.swift in Sources */ = {isa = PBXBuildFile; fileRef = 7E2E491F2E4E4C750021AA2C /* RealisticShadows.swift */; };
		7E46176B2E46925F00EFAA01 /* HeyFriendApp.swift in Sources */ = {isa = PBXBuildFile; fileRef = 7E46176A2E46925F00EFAA01 /* HeyFriendApp.swift */; };
		7E46176F2E46926100EFAA01 /* Assets.xcassets in Resources */ = {isa = PBXBuildFile; fileRef = 7E46176E2E46926100EFAA01 /* Assets.xcassets */; };
		7E4617722E46926100EFAA01 /* Preview Assets.xcassets in Resources */ = {isa = PBXBuildFile; fileRef = 7E4617712E46926100EFAA01 /* Preview Assets.xcassets */; };
		7E46177C2E46926100EFAA01 /* HeyFriendTests.swift in Sources */ = {isa = PBXBuildFile; fileRef = 7E46177B2E46926100EFAA01 /* HeyFriendTests.swift */; };
		7E4617862E46926200EFAA01 /* HeyFriendUITests.swift in Sources */ = {isa = PBXBuildFile; fileRef = 7E4617852E46926200EFAA01 /* HeyFriendUITests.swift */; };
		7E4617882E46926200EFAA01 /* HeyFriendUITestsLaunchTests.swift in Sources */ = {isa = PBXBuildFile; fileRef = 7E4617872E46926200EFAA01 /* HeyFriendUITestsLaunchTests.swift */; };
		7E4617962E46979D00EFAA01 /* ChatView.swift in Sources */ = {isa = PBXBuildFile; fileRef = 7E4617952E46979D00EFAA01 /* ChatView.swift */; };
		7E4617992E4697B800EFAA01 /* ChatViewModel.swift in Sources */ = {isa = PBXBuildFile; fileRef = 7E4617982E4697B800EFAA01 /* ChatViewModel.swift */; };
		7E46179C2E4697D500EFAA01 /* TranscriptionService.swift in Sources */ = {isa = PBXBuildFile; fileRef = 7E46179B2E4697D500EFAA01 /* TranscriptionService.swift */; };
		7E46179F2E469E6900EFAA01 /* ChatService.swift in Sources */ = {isa = PBXBuildFile; fileRef = 7E46179E2E469E6900EFAA01 /* ChatService.swift */; };
		7E4617A12E46B4A000EFAA01 /* TextToSpeechService.swift in Sources */ = {isa = PBXBuildFile; fileRef = 7E4617A02E46B49F00EFAA01 /* TextToSpeechService.swift */; };
		7E4A9FA62E68C8680042CC78 /* InsightsViewModel.swift in Sources */ = {isa = PBXBuildFile; fileRef = 7E4A9FA52E68C8680042CC78 /* InsightsViewModel.swift */; };
		7E4AA3B42E6B497C0011802C /* SettingsViewModel.swift in Sources */ = {isa = PBXBuildFile; fileRef = 7E4AA3B32E6B497C0011802C /* SettingsViewModel.swift */; };
		7E4AA3BA2E6B73B20011802C /* PaywallView.swift in Sources */ = {isa = PBXBuildFile; fileRef = 7E4AA3B92E6B73B20011802C /* PaywallView.swift */; };
		7E4AA3BD2E6B74580011802C /* PurchaseService.swift in Sources */ = {isa = PBXBuildFile; fileRef = 7E4AA3BC2E6B74580011802C /* PurchaseService.swift */; };
		7E70986A2E67ADCB000A877D /* GoogleSignInButton.swift in Sources */ = {isa = PBXBuildFile; fileRef = 7E7098692E67ADC8000A877D /* GoogleSignInButton.swift */; };
		7E70986E2E67AE55000A877D /* WelcomeView.swift in Sources */ = {isa = PBXBuildFile; fileRef = 7E70986D2E67AE4D000A877D /* WelcomeView.swift */; };
		7E7098702E67AEBC000A877D /* RootPresenterFinder.swift in Sources */ = {isa = PBXBuildFile; fileRef = 7E70986F2E67AEB9000A877D /* RootPresenterFinder.swift */; };
		7E7098732E67B28F000A877D /* GoogleSignIn in Frameworks */ = {isa = PBXBuildFile; productRef = 7E7098722E67B28F000A877D /* GoogleSignIn */; };
		7E7098752E67B28F000A877D /* GoogleSignInSwift in Frameworks */ = {isa = PBXBuildFile; productRef = 7E7098742E67B28F000A877D /* GoogleSignInSwift */; };
		7E7098772E67B5BE000A877D /* Assets.xcassets in Resources */ = {isa = PBXBuildFile; fileRef = 7E7098762E67B5BE000A877D /* Assets.xcassets */; };
		7E73B9172E4D9617001BB81E /* LiquidSwirlOrbView.swift in Sources */ = {isa = PBXBuildFile; fileRef = 7E73B9162E4D9617001BB81E /* LiquidSwirlOrbView.swift */; };
		7EA134122E5647E6004109B9 /* SessionSummary.swift in Sources */ = {isa = PBXBuildFile; fileRef = 7EA134112E5647E6004109B9 /* SessionSummary.swift */; };
		7EA134142E564804004109B9 /* SummaryProvider.swift in Sources */ = {isa = PBXBuildFile; fileRef = 7EA134132E564804004109B9 /* SummaryProvider.swift */; };
		7EB0A7AD2E6F67F80090AD40 /* EntitlementsViewModel.swift in Sources */ = {isa = PBXBuildFile; fileRef = 7EB0A7AC2E6F67F80090AD40 /* EntitlementsViewModel.swift */; };
		7EB0A7B12E6F69830090AD40 /* FreeSessionsPill.swift in Sources */ = {isa = PBXBuildFile; fileRef = 7EB0A7B02E6F69830090AD40 /* FreeSessionsPill.swift */; };
		7EDF910C2E622CBA00F3A62F /* GoogleService-Info.plist in Resources */ = {isa = PBXBuildFile; fileRef = 7EDF910B2E622CBA00F3A62F /* GoogleService-Info.plist */; };
/* End PBXBuildFile section */

/* Begin PBXContainerItemProxy section */
		7E4617782E46926100EFAA01 /* PBXContainerItemProxy */ = {
			isa = PBXContainerItemProxy;
			containerPortal = 7E46175F2E46925F00EFAA01 /* Project object */;
			proxyType = 1;
			remoteGlobalIDString = 7E4617662E46925F00EFAA01;
			remoteInfo = HeyFriend;
		};
		7E4617822E46926100EFAA01 /* PBXContainerItemProxy */ = {
			isa = PBXContainerItemProxy;
			containerPortal = 7E46175F2E46925F00EFAA01 /* Project object */;
			proxyType = 1;
			remoteGlobalIDString = 7E4617662E46925F00EFAA01;
			remoteInfo = HeyFriend;
		};
/* End PBXContainerItemProxy section */

/* Begin PBXFileReference section */
		7E085C842E60A96700558D8C /* FirebaseTest.swift */ = {isa = PBXFileReference; lastKnownFileType = sourcecode.swift; path = FirebaseTest.swift; sourceTree = "<group>"; };
		7E085C862E60AAB800558D8C /* AuthService.swift */ = {isa = PBXFileReference; lastKnownFileType = sourcecode.swift; path = AuthService.swift; sourceTree = "<group>"; };
		7E085C882E60AACF00558D8C /* FirestoreService.swift */ = {isa = PBXFileReference; lastKnownFileType = sourcecode.swift; path = FirestoreService.swift; sourceTree = "<group>"; };
		7E0EF37C2E5555B500B41643 /* RootTabView.swift */ = {isa = PBXFileReference; lastKnownFileType = sourcecode.swift; path = RootTabView.swift; sourceTree = "<group>"; };
		7E0EF37E2E5555F600B41643 /* InsightsView.swift */ = {isa = PBXFileReference; lastKnownFileType = sourcecode.swift; path = InsightsView.swift; sourceTree = "<group>"; };
		7E0EF3802E55560800B41643 /* SettingsView.swift */ = {isa = PBXFileReference; lastKnownFileType = sourcecode.swift; path = SettingsView.swift; sourceTree = "<group>"; };
		7E0EF3822E55579F00B41643 /* SessionsHomeView.swift */ = {isa = PBXFileReference; lastKnownFileType = sourcecode.swift; path = SessionsHomeView.swift; sourceTree = "<group>"; };
		7E0EF38E2E555FBF00B41643 /* SummaryDetailView.swift */ = {isa = PBXFileReference; lastKnownFileType = sourcecode.swift; path = SummaryDetailView.swift; sourceTree = "<group>"; };
		7E2E49152E4E4BCD0021AA2C /* OrbConfiguration.swift */ = {isa = PBXFileReference; lastKnownFileType = sourcecode.swift; path = OrbConfiguration.swift; sourceTree = "<group>"; };
		7E2E49172E4E4C040021AA2C /* OrbView.swift */ = {isa = PBXFileReference; lastKnownFileType = sourcecode.swift; path = OrbView.swift; sourceTree = "<group>"; };
		7E2E49192E4E4C2D0021AA2C /* RotatingGlowView.swift */ = {isa = PBXFileReference; lastKnownFileType = sourcecode.swift; path = RotatingGlowView.swift; sourceTree = "<group>"; };
		7E2E491B2E4E4C440021AA2C /* WavyBlobView.swift */ = {isa = PBXFileReference; lastKnownFileType = sourcecode.swift; path = WavyBlobView.swift; sourceTree = "<group>"; };
		7E2E491D2E4E4C5E0021AA2C /* ParticlesView.swift */ = {isa = PBXFileReference; lastKnownFileType = sourcecode.swift; path = ParticlesView.swift; sourceTree = "<group>"; };
		7E2E491F2E4E4C750021AA2C /* RealisticShadows.swift */ = {isa = PBXFileReference; lastKnownFileType = sourcecode.swift; path = RealisticShadows.swift; sourceTree = "<group>"; };
		7E4617672E46925F00EFAA01 /* HeyFriend.app */ = {isa = PBXFileReference; explicitFileType = wrapper.application; includeInIndex = 0; path = HeyFriend.app; sourceTree = BUILT_PRODUCTS_DIR; };
		7E46176A2E46925F00EFAA01 /* HeyFriendApp.swift */ = {isa = PBXFileReference; lastKnownFileType = sourcecode.swift; path = HeyFriendApp.swift; sourceTree = "<group>"; };
		7E46176E2E46926100EFAA01 /* Assets.xcassets */ = {isa = PBXFileReference; lastKnownFileType = folder.assetcatalog; path = Assets.xcassets; sourceTree = "<group>"; };
		7E4617712E46926100EFAA01 /* Preview Assets.xcassets */ = {isa = PBXFileReference; lastKnownFileType = folder.assetcatalog; path = "Preview Assets.xcassets"; sourceTree = "<group>"; };
		7E4617772E46926100EFAA01 /* HeyFriendTests.xctest */ = {isa = PBXFileReference; explicitFileType = wrapper.cfbundle; includeInIndex = 0; path = HeyFriendTests.xctest; sourceTree = BUILT_PRODUCTS_DIR; };
		7E46177B2E46926100EFAA01 /* HeyFriendTests.swift */ = {isa = PBXFileReference; lastKnownFileType = sourcecode.swift; path = HeyFriendTests.swift; sourceTree = "<group>"; };
		7E4617812E46926100EFAA01 /* HeyFriendUITests.xctest */ = {isa = PBXFileReference; explicitFileType = wrapper.cfbundle; includeInIndex = 0; path = HeyFriendUITests.xctest; sourceTree = BUILT_PRODUCTS_DIR; };
		7E4617852E46926200EFAA01 /* HeyFriendUITests.swift */ = {isa = PBXFileReference; lastKnownFileType = sourcecode.swift; path = HeyFriendUITests.swift; sourceTree = "<group>"; };
		7E4617872E46926200EFAA01 /* HeyFriendUITestsLaunchTests.swift */ = {isa = PBXFileReference; lastKnownFileType = sourcecode.swift; path = HeyFriendUITestsLaunchTests.swift; sourceTree = "<group>"; };
		7E4617952E46979D00EFAA01 /* ChatView.swift */ = {isa = PBXFileReference; lastKnownFileType = sourcecode.swift; path = ChatView.swift; sourceTree = "<group>"; };
		7E4617982E4697B800EFAA01 /* ChatViewModel.swift */ = {isa = PBXFileReference; lastKnownFileType = sourcecode.swift; path = ChatViewModel.swift; sourceTree = "<group>"; };
		7E46179B2E4697D500EFAA01 /* TranscriptionService.swift */ = {isa = PBXFileReference; lastKnownFileType = sourcecode.swift; path = TranscriptionService.swift; sourceTree = "<group>"; };
		7E46179D2E4698C000EFAA01 /* Info.plist */ = {isa = PBXFileReference; lastKnownFileType = text.plist; path = Info.plist; sourceTree = "<group>"; };
		7E46179E2E469E6900EFAA01 /* ChatService.swift */ = {isa = PBXFileReference; lastKnownFileType = sourcecode.swift; path = ChatService.swift; sourceTree = "<group>"; };
		7E4617A02E46B49F00EFAA01 /* TextToSpeechService.swift */ = {isa = PBXFileReference; lastKnownFileType = sourcecode.swift; path = TextToSpeechService.swift; sourceTree = "<group>"; };
		7E4A9FA52E68C8680042CC78 /* InsightsViewModel.swift */ = {isa = PBXFileReference; lastKnownFileType = sourcecode.swift; path = InsightsViewModel.swift; sourceTree = "<group>"; };
		7E4AA3B32E6B497C0011802C /* SettingsViewModel.swift */ = {isa = PBXFileReference; lastKnownFileType = sourcecode.swift; path = SettingsViewModel.swift; sourceTree = "<group>"; };
		7E4AA3B92E6B73B20011802C /* PaywallView.swift */ = {isa = PBXFileReference; lastKnownFileType = sourcecode.swift; path = PaywallView.swift; sourceTree = "<group>"; };
		7E4AA3BC2E6B74580011802C /* PurchaseService.swift */ = {isa = PBXFileReference; lastKnownFileType = sourcecode.swift; path = PurchaseService.swift; sourceTree = "<group>"; };
		7E7098692E67ADC8000A877D /* GoogleSignInButton.swift */ = {isa = PBXFileReference; lastKnownFileType = sourcecode.swift; path = GoogleSignInButton.swift; sourceTree = "<group>"; };
		7E70986D2E67AE4D000A877D /* WelcomeView.swift */ = {isa = PBXFileReference; lastKnownFileType = sourcecode.swift; path = WelcomeView.swift; sourceTree = "<group>"; };
		7E70986F2E67AEB9000A877D /* RootPresenterFinder.swift */ = {isa = PBXFileReference; lastKnownFileType = sourcecode.swift; path = RootPresenterFinder.swift; sourceTree = "<group>"; };
		7E7098762E67B5BE000A877D /* Assets.xcassets */ = {isa = PBXFileReference; lastKnownFileType = folder.assetcatalog; path = Assets.xcassets; sourceTree = "<group>"; };
		7E7098782E67C022000A877D /* HeyFriend.entitlements */ = {isa = PBXFileReference; lastKnownFileType = text.plist.entitlements; path = HeyFriend.entitlements; sourceTree = "<group>"; };
		7E73B9162E4D9617001BB81E /* LiquidSwirlOrbView.swift */ = {isa = PBXFileReference; lastKnownFileType = sourcecode.swift; path = LiquidSwirlOrbView.swift; sourceTree = "<group>"; };
		7EA134112E5647E6004109B9 /* SessionSummary.swift */ = {isa = PBXFileReference; lastKnownFileType = sourcecode.swift; path = SessionSummary.swift; sourceTree = "<group>"; };
		7EA134132E564804004109B9 /* SummaryProvider.swift */ = {isa = PBXFileReference; lastKnownFileType = sourcecode.swift; path = SummaryProvider.swift; sourceTree = "<group>"; };
		7EB0A7AC2E6F67F80090AD40 /* EntitlementsViewModel.swift */ = {isa = PBXFileReference; lastKnownFileType = sourcecode.swift; path = EntitlementsViewModel.swift; sourceTree = "<group>"; };
		7EB0A7B02E6F69830090AD40 /* FreeSessionsPill.swift */ = {isa = PBXFileReference; lastKnownFileType = sourcecode.swift; path = FreeSessionsPill.swift; sourceTree = "<group>"; };
		7EDF910B2E622CBA00F3A62F /* GoogleService-Info.plist */ = {isa = PBXFileReference; lastKnownFileType = text.plist.xml; path = "GoogleService-Info.plist"; sourceTree = "<group>"; };
/* End PBXFileReference section */

/* Begin PBXFrameworksBuildPhase section */
		7E4617642E46925F00EFAA01 /* Frameworks */ = {
			isa = PBXFrameworksBuildPhase;
			buildActionMask = 2147483647;
			files = (
				7E7098752E67B28F000A877D /* GoogleSignInSwift in Frameworks */,
				7E085C802E60A86E00558D8C /* FirebaseCore in Frameworks */,
				7E7098732E67B28F000A877D /* GoogleSignIn in Frameworks */,
				7E085C7E2E60A86E00558D8C /* FirebaseAuth in Frameworks */,
				7E085C822E60A86E00558D8C /* FirebaseFirestore in Frameworks */,
			);
			runOnlyForDeploymentPostprocessing = 0;
		};
		7E4617742E46926100EFAA01 /* Frameworks */ = {
			isa = PBXFrameworksBuildPhase;
			buildActionMask = 2147483647;
			files = (
			);
			runOnlyForDeploymentPostprocessing = 0;
		};
		7E46177E2E46926100EFAA01 /* Frameworks */ = {
			isa = PBXFrameworksBuildPhase;
			buildActionMask = 2147483647;
			files = (
			);
			runOnlyForDeploymentPostprocessing = 0;
		};
/* End PBXFrameworksBuildPhase section */

/* Begin PBXGroup section */
		7E085C832E60A94D00558D8C /* Database */ = {
			isa = PBXGroup;
			children = (
				7E085C842E60A96700558D8C /* FirebaseTest.swift */,
				7E085C862E60AAB800558D8C /* AuthService.swift */,
				7E085C882E60AACF00558D8C /* FirestoreService.swift */,
			);
			path = Database;
			sourceTree = "<group>";
		};
		7E0EF3862E555EE800B41643 /* App */ = {
			isa = PBXGroup;
			children = (
				7E46176A2E46925F00EFAA01 /* HeyFriendApp.swift */,
				7E0EF37C2E5555B500B41643 /* RootTabView.swift */,
				7EDF910B2E622CBA00F3A62F /* GoogleService-Info.plist */,
			);
			path = App;
			sourceTree = "<group>";
		};
		7E0EF3872E555EF900B41643 /* Features */ = {
			isa = PBXGroup;
			children = (
				7E4AA3B52E6B737C0011802C /* Paywall */,
				7E70986B2E67ADE9000A877D /* Auth */,
				7E0EF3882E555F0F00B41643 /* Sessions */,
				7E0EF38C2E555F8400B41643 /* Insights */,
				7E0EF3902E555FD900B41643 /* Settings */,
			);
			path = Features;
			sourceTree = "<group>";
		};
		7E0EF3882E555F0F00B41643 /* Sessions */ = {
			isa = PBXGroup;
			children = (
				7E0EF3892E555F1900B41643 /* Screens */,
				7E4617972E4697A700EFAA01 /* ViewModels */,
			);
			path = Sessions;
			sourceTree = "<group>";
		};
		7E0EF3892E555F1900B41643 /* Screens */ = {
			isa = PBXGroup;
			children = (
				7E0EF3822E55579F00B41643 /* SessionsHomeView.swift */,
				7E4617952E46979D00EFAA01 /* ChatView.swift */,
			);
			path = Screens;
			sourceTree = "<group>";
		};
		7E0EF38C2E555F8400B41643 /* Insights */ = {
			isa = PBXGroup;
			children = (
				7E0EF38D2E555F8E00B41643 /* Screens */,
				7E4A9FA42E68C8200042CC78 /* ViewModels */,
			);
			path = Insights;
			sourceTree = "<group>";
		};
		7E0EF38D2E555F8E00B41643 /* Screens */ = {
			isa = PBXGroup;
			children = (
				7E0EF37E2E5555F600B41643 /* InsightsView.swift */,
				7E0EF38E2E555FBF00B41643 /* SummaryDetailView.swift */,
			);
			path = Screens;
			sourceTree = "<group>";
		};
		7E0EF3902E555FD900B41643 /* Settings */ = {
			isa = PBXGroup;
			children = (
				7E0EF3912E555FDF00B41643 /* Screens */,
				7E4AA3B22E6B494B0011802C /* ViewModels */,
			);
			path = Settings;
			sourceTree = "<group>";
		};
		7E0EF3912E555FDF00B41643 /* Screens */ = {
			isa = PBXGroup;
			children = (
				7E0EF3802E55560800B41643 /* SettingsView.swift */,
			);
			path = Screens;
			sourceTree = "<group>";
		};
		7E0EF3922E555FFA00B41643 /* Shared */ = {
			isa = PBXGroup;
			children = (
				7E0EF3932E55600300B41643 /* UI */,
				7E0EF3982E55609A00B41643 /* Services */,
			);
			path = Shared;
			sourceTree = "<group>";
		};
		7E0EF3932E55600300B41643 /* UI */ = {
			isa = PBXGroup;
			children = (
				7E0EF3952E55602C00B41643 /* Visuals */,
				7E0EF3942E55600D00B41643 /* Components */,
			);
			path = UI;
			sourceTree = "<group>";
		};
		7E0EF3942E55600D00B41643 /* Components */ = {
			isa = PBXGroup;
			children = (
				7E70986F2E67AEB9000A877D /* RootPresenterFinder.swift */,
				7E7098692E67ADC8000A877D /* GoogleSignInButton.swift */,
				7EB0A7B02E6F69830090AD40 /* FreeSessionsPill.swift */,
			);
			path = Components;
			sourceTree = "<group>";
		};
		7E0EF3952E55602C00B41643 /* Visuals */ = {
			isa = PBXGroup;
			children = (
				7E2E49142E4E4BBD0021AA2C /* Orb */,
			);
			path = Visuals;
			sourceTree = "<group>";
		};
		7E0EF3982E55609A00B41643 /* Services */ = {
			isa = PBXGroup;
			children = (
				7E4AA3BB2E6B74490011802C /* Billing */,
				7E085C832E60A94D00558D8C /* Database */,
				7E0EF3992E5560A400B41643 /* Voice */,
				7E0EF39B2E5560C900B41643 /* Chat */,
			);
			path = Services;
			sourceTree = "<group>";
		};
		7E0EF3992E5560A400B41643 /* Voice */ = {
			isa = PBXGroup;
			children = (
				7E46179B2E4697D500EFAA01 /* TranscriptionService.swift */,
				7E4617A02E46B49F00EFAA01 /* TextToSpeechService.swift */,
			);
			path = Voice;
			sourceTree = "<group>";
		};
		7E0EF39B2E5560C900B41643 /* Chat */ = {
			isa = PBXGroup;
			children = (
				7E46179E2E469E6900EFAA01 /* ChatService.swift */,
				7EA134132E564804004109B9 /* SummaryProvider.swift */,
			);
			path = Chat;
			sourceTree = "<group>";
		};
		7E2E49142E4E4BBD0021AA2C /* Orb */ = {
			isa = PBXGroup;
			children = (
				7E73B9162E4D9617001BB81E /* LiquidSwirlOrbView.swift */,
				7E2E49152E4E4BCD0021AA2C /* OrbConfiguration.swift */,
				7E2E49172E4E4C040021AA2C /* OrbView.swift */,
				7E2E49192E4E4C2D0021AA2C /* RotatingGlowView.swift */,
				7E2E491B2E4E4C440021AA2C /* WavyBlobView.swift */,
				7E2E491D2E4E4C5E0021AA2C /* ParticlesView.swift */,
				7E2E491F2E4E4C750021AA2C /* RealisticShadows.swift */,
			);
			path = Orb;
			sourceTree = "<group>";
		};
		7E46175E2E46925F00EFAA01 = {
			isa = PBXGroup;
			children = (
				7E4617692E46925F00EFAA01 /* HeyFriend */,
				7E46177A2E46926100EFAA01 /* HeyFriendTests */,
				7E4617842E46926200EFAA01 /* HeyFriendUITests */,
				7E4617682E46925F00EFAA01 /* Products */,
			);
			sourceTree = "<group>";
		};
		7E4617682E46925F00EFAA01 /* Products */ = {
			isa = PBXGroup;
			children = (
				7E4617672E46925F00EFAA01 /* HeyFriend.app */,
				7E4617772E46926100EFAA01 /* HeyFriendTests.xctest */,
				7E4617812E46926100EFAA01 /* HeyFriendUITests.xctest */,
			);
			name = Products;
			sourceTree = "<group>";
		};
		7E4617692E46925F00EFAA01 /* HeyFriend */ = {
			isa = PBXGroup;
			children = (
				7E7098782E67C022000A877D /* HeyFriend.entitlements */,
				7E4617702E46926100EFAA01 /* Preview Content */,
				7E46179D2E4698C000EFAA01 /* Info.plist */,
				7E4617712E46926100EFAA01 /* Preview Assets.xcassets */,
				7E7098762E67B5BE000A877D /* Assets.xcassets */,
				7E0EF3862E555EE800B41643 /* App */,
				7E0EF3872E555EF900B41643 /* Features */,
				7E0EF3922E555FFA00B41643 /* Shared */,
			);
			path = HeyFriend;
			sourceTree = "<group>";
		};
		7E4617702E46926100EFAA01 /* Preview Content */ = {
			isa = PBXGroup;
			children = (
				7E46176E2E46926100EFAA01 /* Assets.xcassets */,
			);
			path = "Preview Content";
			sourceTree = "<group>";
		};
		7E46177A2E46926100EFAA01 /* HeyFriendTests */ = {
			isa = PBXGroup;
			children = (
				7E46177B2E46926100EFAA01 /* HeyFriendTests.swift */,
			);
			path = HeyFriendTests;
			sourceTree = "<group>";
		};
		7E4617842E46926200EFAA01 /* HeyFriendUITests */ = {
			isa = PBXGroup;
			children = (
				7E4617852E46926200EFAA01 /* HeyFriendUITests.swift */,
				7E4617872E46926200EFAA01 /* HeyFriendUITestsLaunchTests.swift */,
			);
			path = HeyFriendUITests;
			sourceTree = "<group>";
		};
		7E4617972E4697A700EFAA01 /* ViewModels */ = {
			isa = PBXGroup;
			children = (
				7E4617982E4697B800EFAA01 /* ChatViewModel.swift */,
				7EA134112E5647E6004109B9 /* SessionSummary.swift */,
			);
			path = ViewModels;
			sourceTree = "<group>";
		};
		7E4A9FA42E68C8200042CC78 /* ViewModels */ = {
			isa = PBXGroup;
			children = (
				7E4A9FA52E68C8680042CC78 /* InsightsViewModel.swift */,
			);
			path = ViewModels;
			sourceTree = "<group>";
		};
		7E4AA3B22E6B494B0011802C /* ViewModels */ = {
			isa = PBXGroup;
			children = (
				7E4AA3B32E6B497C0011802C /* SettingsViewModel.swift */,
			);
			path = ViewModels;
			sourceTree = "<group>";
		};
		7E4AA3B52E6B737C0011802C /* Paywall */ = {
			isa = PBXGroup;
			children = (
				7E4AA3B82E6B739C0011802C /* Screens */,
				7EB0A7AB2E6F67D20090AD40 /* ViewModels */,
			);
			path = Paywall;
			sourceTree = "<group>";
		};
		7E4AA3B82E6B739C0011802C /* Screens */ = {
			isa = PBXGroup;
			children = (
				7E4AA3B92E6B73B20011802C /* PaywallView.swift */,
			);
			path = Screens;
			sourceTree = "<group>";
		};
		7E4AA3BB2E6B74490011802C /* Billing */ = {
			isa = PBXGroup;
			children = (
				7E4AA3BC2E6B74580011802C /* PurchaseService.swift */,
			);
			path = Billing;
			sourceTree = "<group>";
		};
		7E70986B2E67ADE9000A877D /* Auth */ = {
			isa = PBXGroup;
			children = (
				7E70986C2E67AE2E000A877D /* Screens */,
			);
			path = Auth;
			sourceTree = "<group>";
		};
		7E70986C2E67AE2E000A877D /* Screens */ = {
			isa = PBXGroup;
			children = (
				7E70986D2E67AE4D000A877D /* WelcomeView.swift */,
			);
			path = Screens;
			sourceTree = "<group>";
		};
		7EB0A7AB2E6F67D20090AD40 /* ViewModels */ = {
			isa = PBXGroup;
			children = (
				7EB0A7AC2E6F67F80090AD40 /* EntitlementsViewModel.swift */,
			);
			path = ViewModels;
			sourceTree = "<group>";
		};
/* End PBXGroup section */

/* Begin PBXNativeTarget section */
		7E4617662E46925F00EFAA01 /* HeyFriend */ = {
			isa = PBXNativeTarget;
			buildConfigurationList = 7E46178B2E46926200EFAA01 /* Build configuration list for PBXNativeTarget "HeyFriend" */;
			buildPhases = (
				7E4617632E46925F00EFAA01 /* Sources */,
				7E4617642E46925F00EFAA01 /* Frameworks */,
				7E4617652E46925F00EFAA01 /* Resources */,
			);
			buildRules = (
			);
			dependencies = (
			);
			name = HeyFriend;
			packageProductDependencies = (
				7E085C7D2E60A86E00558D8C /* FirebaseAuth */,
				7E085C7F2E60A86E00558D8C /* FirebaseCore */,
				7E085C812E60A86E00558D8C /* FirebaseFirestore */,
				7E7098722E67B28F000A877D /* GoogleSignIn */,
				7E7098742E67B28F000A877D /* GoogleSignInSwift */,
			);
			productName = HeyFriend;
			productReference = 7E4617672E46925F00EFAA01 /* HeyFriend.app */;
			productType = "com.apple.product-type.application";
		};
		7E4617762E46926100EFAA01 /* HeyFriendTests */ = {
			isa = PBXNativeTarget;
			buildConfigurationList = 7E46178E2E46926200EFAA01 /* Build configuration list for PBXNativeTarget "HeyFriendTests" */;
			buildPhases = (
				7E4617732E46926100EFAA01 /* Sources */,
				7E4617742E46926100EFAA01 /* Frameworks */,
				7E4617752E46926100EFAA01 /* Resources */,
			);
			buildRules = (
			);
			dependencies = (
				7E4617792E46926100EFAA01 /* PBXTargetDependency */,
			);
			name = HeyFriendTests;
			productName = HeyFriendTests;
			productReference = 7E4617772E46926100EFAA01 /* HeyFriendTests.xctest */;
			productType = "com.apple.product-type.bundle.unit-test";
		};
		7E4617802E46926100EFAA01 /* HeyFriendUITests */ = {
			isa = PBXNativeTarget;
			buildConfigurationList = 7E4617912E46926200EFAA01 /* Build configuration list for PBXNativeTarget "HeyFriendUITests" */;
			buildPhases = (
				7E46177D2E46926100EFAA01 /* Sources */,
				7E46177E2E46926100EFAA01 /* Frameworks */,
				7E46177F2E46926100EFAA01 /* Resources */,
			);
			buildRules = (
			);
			dependencies = (
				7E4617832E46926100EFAA01 /* PBXTargetDependency */,
			);
			name = HeyFriendUITests;
			productName = HeyFriendUITests;
			productReference = 7E4617812E46926100EFAA01 /* HeyFriendUITests.xctest */;
			productType = "com.apple.product-type.bundle.ui-testing";
		};
/* End PBXNativeTarget section */

/* Begin PBXProject section */
		7E46175F2E46925F00EFAA01 /* Project object */ = {
			isa = PBXProject;
			attributes = {
				BuildIndependentTargetsInParallel = 1;
				LastSwiftUpdateCheck = 1520;
				LastUpgradeCheck = 1520;
				TargetAttributes = {
					7E4617662E46925F00EFAA01 = {
						CreatedOnToolsVersion = 15.2;
					};
					7E4617762E46926100EFAA01 = {
						CreatedOnToolsVersion = 15.2;
						TestTargetID = 7E4617662E46925F00EFAA01;
					};
					7E4617802E46926100EFAA01 = {
						CreatedOnToolsVersion = 15.2;
						TestTargetID = 7E4617662E46925F00EFAA01;
					};
				};
			};
			buildConfigurationList = 7E4617622E46925F00EFAA01 /* Build configuration list for PBXProject "HeyFriend" */;
			compatibilityVersion = "Xcode 14.0";
			developmentRegion = en;
			hasScannedForEncodings = 0;
			knownRegions = (
				en,
				Base,
			);
			mainGroup = 7E46175E2E46925F00EFAA01;
			packageReferences = (
				7E085C7C2E60A86E00558D8C /* XCRemoteSwiftPackageReference "firebase-ios-sdk" */,
				7E7098712E67B28F000A877D /* XCRemoteSwiftPackageReference "GoogleSignIn-iOS" */,
			);
			productRefGroup = 7E4617682E46925F00EFAA01 /* Products */;
			projectDirPath = "";
			projectRoot = "";
			targets = (
				7E4617662E46925F00EFAA01 /* HeyFriend */,
				7E4617762E46926100EFAA01 /* HeyFriendTests */,
				7E4617802E46926100EFAA01 /* HeyFriendUITests */,
			);
		};
/* End PBXProject section */

/* Begin PBXResourcesBuildPhase section */
		7E4617652E46925F00EFAA01 /* Resources */ = {
			isa = PBXResourcesBuildPhase;
			buildActionMask = 2147483647;
			files = (
				7E4617722E46926100EFAA01 /* Preview Assets.xcassets in Resources */,
				7E46176F2E46926100EFAA01 /* Assets.xcassets in Resources */,
				7E7098772E67B5BE000A877D /* Assets.xcassets in Resources */,
				7EDF910C2E622CBA00F3A62F /* GoogleService-Info.plist in Resources */,
			);
			runOnlyForDeploymentPostprocessing = 0;
		};
		7E4617752E46926100EFAA01 /* Resources */ = {
			isa = PBXResourcesBuildPhase;
			buildActionMask = 2147483647;
			files = (
			);
			runOnlyForDeploymentPostprocessing = 0;
		};
		7E46177F2E46926100EFAA01 /* Resources */ = {
			isa = PBXResourcesBuildPhase;
			buildActionMask = 2147483647;
			files = (
			);
			runOnlyForDeploymentPostprocessing = 0;
		};
/* End PBXResourcesBuildPhase section */

/* Begin PBXSourcesBuildPhase section */
		7E4617632E46925F00EFAA01 /* Sources */ = {
			isa = PBXSourcesBuildPhase;
			buildActionMask = 2147483647;
			files = (
				7E0EF3832E55579F00B41643 /* SessionsHomeView.swift in Sources */,
				7E0EF37F2E5555F600B41643 /* InsightsView.swift in Sources */,
				7EA134122E5647E6004109B9 /* SessionSummary.swift in Sources */,
				7E0EF38F2E555FBF00B41643 /* SummaryDetailView.swift in Sources */,
				7E7098702E67AEBC000A877D /* RootPresenterFinder.swift in Sources */,
				7E70986A2E67ADCB000A877D /* GoogleSignInButton.swift in Sources */,
				7E0EF37D2E5555B500B41643 /* RootTabView.swift in Sources */,
				7E085C892E60AACF00558D8C /* FirestoreService.swift in Sources */,
				7E4AA3BD2E6B74580011802C /* PurchaseService.swift in Sources */,
				7E4AA3B42E6B497C0011802C /* SettingsViewModel.swift in Sources */,
				7E085C872E60AAB800558D8C /* AuthService.swift in Sources */,
				7E4617962E46979D00EFAA01 /* ChatView.swift in Sources */,
				7E2E49202E4E4C750021AA2C /* RealisticShadows.swift in Sources */,
				7E0EF3812E55560800B41643 /* SettingsView.swift in Sources */,
				7E085C852E60A96700558D8C /* FirebaseTest.swift in Sources */,
				7E2E49182E4E4C040021AA2C /* OrbView.swift in Sources */,
				7EB0A7AD2E6F67F80090AD40 /* EntitlementsViewModel.swift in Sources */,
				7EA134142E564804004109B9 /* SummaryProvider.swift in Sources */,
				7E2E491E2E4E4C5E0021AA2C /* ParticlesView.swift in Sources */,
				7E4A9FA62E68C8680042CC78 /* InsightsViewModel.swift in Sources */,
				7E2E49162E4E4BCD0021AA2C /* OrbConfiguration.swift in Sources */,
				7E73B9172E4D9617001BB81E /* LiquidSwirlOrbView.swift in Sources */,
				7E4617992E4697B800EFAA01 /* ChatViewModel.swift in Sources */,
				7E2E491C2E4E4C440021AA2C /* WavyBlobView.swift in Sources */,
				7E46179C2E4697D500EFAA01 /* TranscriptionService.swift in Sources */,
				7E4AA3BA2E6B73B20011802C /* PaywallView.swift in Sources */,
				7E70986E2E67AE55000A877D /* WelcomeView.swift in Sources */,
				7EB0A7B12E6F69830090AD40 /* FreeSessionsPill.swift in Sources */,
				7E46176B2E46925F00EFAA01 /* HeyFriendApp.swift in Sources */,
				7E2E491A2E4E4C2D0021AA2C /* RotatingGlowView.swift in Sources */,
				7E46179F2E469E6900EFAA01 /* ChatService.swift in Sources */,
				7E4617A12E46B4A000EFAA01 /* TextToSpeechService.swift in Sources */,
			);
			runOnlyForDeploymentPostprocessing = 0;
		};
		7E4617732E46926100EFAA01 /* Sources */ = {
			isa = PBXSourcesBuildPhase;
			buildActionMask = 2147483647;
			files = (
				7E46177C2E46926100EFAA01 /* HeyFriendTests.swift in Sources */,
			);
			runOnlyForDeploymentPostprocessing = 0;
		};
		7E46177D2E46926100EFAA01 /* Sources */ = {
			isa = PBXSourcesBuildPhase;
			buildActionMask = 2147483647;
			files = (
				7E4617862E46926200EFAA01 /* HeyFriendUITests.swift in Sources */,
				7E4617882E46926200EFAA01 /* HeyFriendUITestsLaunchTests.swift in Sources */,
			);
			runOnlyForDeploymentPostprocessing = 0;
		};
/* End PBXSourcesBuildPhase section */

/* Begin PBXTargetDependency section */
		7E4617792E46926100EFAA01 /* PBXTargetDependency */ = {
			isa = PBXTargetDependency;
			target = 7E4617662E46925F00EFAA01 /* HeyFriend */;
			targetProxy = 7E4617782E46926100EFAA01 /* PBXContainerItemProxy */;
		};
		7E4617832E46926100EFAA01 /* PBXTargetDependency */ = {
			isa = PBXTargetDependency;
			target = 7E4617662E46925F00EFAA01 /* HeyFriend */;
			targetProxy = 7E4617822E46926100EFAA01 /* PBXContainerItemProxy */;
		};
/* End PBXTargetDependency section */

/* Begin XCBuildConfiguration section */
		7E4617892E46926200EFAA01 /* Debug */ = {
			isa = XCBuildConfiguration;
			buildSettings = {
				ALWAYS_SEARCH_USER_PATHS = NO;
				ASSETCATALOG_COMPILER_GENERATE_SWIFT_ASSET_SYMBOL_EXTENSIONS = YES;
				CLANG_ANALYZER_NONNULL = YES;
				CLANG_ANALYZER_NUMBER_OBJECT_CONVERSION = YES_AGGRESSIVE;
				CLANG_CXX_LANGUAGE_STANDARD = "gnu++20";
				CLANG_ENABLE_MODULES = YES;
				CLANG_ENABLE_OBJC_ARC = YES;
				CLANG_ENABLE_OBJC_WEAK = YES;
				CLANG_WARN_BLOCK_CAPTURE_AUTORELEASING = YES;
				CLANG_WARN_BOOL_CONVERSION = YES;
				CLANG_WARN_COMMA = YES;
				CLANG_WARN_CONSTANT_CONVERSION = YES;
				CLANG_WARN_DEPRECATED_OBJC_IMPLEMENTATIONS = YES;
				CLANG_WARN_DIRECT_OBJC_ISA_USAGE = YES_ERROR;
				CLANG_WARN_DOCUMENTATION_COMMENTS = YES;
				CLANG_WARN_EMPTY_BODY = YES;
				CLANG_WARN_ENUM_CONVERSION = YES;
				CLANG_WARN_INFINITE_RECURSION = YES;
				CLANG_WARN_INT_CONVERSION = YES;
				CLANG_WARN_NON_LITERAL_NULL_CONVERSION = YES;
				CLANG_WARN_OBJC_IMPLICIT_RETAIN_SELF = YES;
				CLANG_WARN_OBJC_LITERAL_CONVERSION = YES;
				CLANG_WARN_OBJC_ROOT_CLASS = YES_ERROR;
				CLANG_WARN_QUOTED_INCLUDE_IN_FRAMEWORK_HEADER = YES;
				CLANG_WARN_RANGE_LOOP_ANALYSIS = YES;
				CLANG_WARN_STRICT_PROTOTYPES = YES;
				CLANG_WARN_SUSPICIOUS_MOVE = YES;
				CLANG_WARN_UNGUARDED_AVAILABILITY = YES_AGGRESSIVE;
				CLANG_WARN_UNREACHABLE_CODE = YES;
				CLANG_WARN__DUPLICATE_METHOD_MATCH = YES;
				COPY_PHASE_STRIP = NO;
				DEBUG_INFORMATION_FORMAT = dwarf;
				ENABLE_STRICT_OBJC_MSGSEND = YES;
				ENABLE_TESTABILITY = YES;
				ENABLE_USER_SCRIPT_SANDBOXING = YES;
				GCC_C_LANGUAGE_STANDARD = gnu17;
				GCC_DYNAMIC_NO_PIC = NO;
				GCC_NO_COMMON_BLOCKS = YES;
				GCC_OPTIMIZATION_LEVEL = 0;
				GCC_PREPROCESSOR_DEFINITIONS = (
					"DEBUG=1",
					"$(inherited)",
				);
				GCC_WARN_64_TO_32_BIT_CONVERSION = YES;
				GCC_WARN_ABOUT_RETURN_TYPE = YES_ERROR;
				GCC_WARN_UNDECLARED_SELECTOR = YES;
				GCC_WARN_UNINITIALIZED_AUTOS = YES_AGGRESSIVE;
				GCC_WARN_UNUSED_FUNCTION = YES;
				GCC_WARN_UNUSED_VARIABLE = YES;
				IPHONEOS_DEPLOYMENT_TARGET = 17.2;
				LOCALIZATION_PREFERS_STRING_CATALOGS = YES;
				MTL_ENABLE_DEBUG_INFO = INCLUDE_SOURCE;
				MTL_FAST_MATH = YES;
				ONLY_ACTIVE_ARCH = YES;
				SDKROOT = iphoneos;
				SWIFT_ACTIVE_COMPILATION_CONDITIONS = "DEBUG $(inherited)";
				SWIFT_OPTIMIZATION_LEVEL = "-Onone";
			};
			name = Debug;
		};
		7E46178A2E46926200EFAA01 /* Release */ = {
			isa = XCBuildConfiguration;
			buildSettings = {
				ALWAYS_SEARCH_USER_PATHS = NO;
				ASSETCATALOG_COMPILER_GENERATE_SWIFT_ASSET_SYMBOL_EXTENSIONS = YES;
				CLANG_ANALYZER_NONNULL = YES;
				CLANG_ANALYZER_NUMBER_OBJECT_CONVERSION = YES_AGGRESSIVE;
				CLANG_CXX_LANGUAGE_STANDARD = "gnu++20";
				CLANG_ENABLE_MODULES = YES;
				CLANG_ENABLE_OBJC_ARC = YES;
				CLANG_ENABLE_OBJC_WEAK = YES;
				CLANG_WARN_BLOCK_CAPTURE_AUTORELEASING = YES;
				CLANG_WARN_BOOL_CONVERSION = YES;
				CLANG_WARN_COMMA = YES;
				CLANG_WARN_CONSTANT_CONVERSION = YES;
				CLANG_WARN_DEPRECATED_OBJC_IMPLEMENTATIONS = YES;
				CLANG_WARN_DIRECT_OBJC_ISA_USAGE = YES_ERROR;
				CLANG_WARN_DOCUMENTATION_COMMENTS = YES;
				CLANG_WARN_EMPTY_BODY = YES;
				CLANG_WARN_ENUM_CONVERSION = YES;
				CLANG_WARN_INFINITE_RECURSION = YES;
				CLANG_WARN_INT_CONVERSION = YES;
				CLANG_WARN_NON_LITERAL_NULL_CONVERSION = YES;
				CLANG_WARN_OBJC_IMPLICIT_RETAIN_SELF = YES;
				CLANG_WARN_OBJC_LITERAL_CONVERSION = YES;
				CLANG_WARN_OBJC_ROOT_CLASS = YES_ERROR;
				CLANG_WARN_QUOTED_INCLUDE_IN_FRAMEWORK_HEADER = YES;
				CLANG_WARN_RANGE_LOOP_ANALYSIS = YES;
				CLANG_WARN_STRICT_PROTOTYPES = YES;
				CLANG_WARN_SUSPICIOUS_MOVE = YES;
				CLANG_WARN_UNGUARDED_AVAILABILITY = YES_AGGRESSIVE;
				CLANG_WARN_UNREACHABLE_CODE = YES;
				CLANG_WARN__DUPLICATE_METHOD_MATCH = YES;
				COPY_PHASE_STRIP = NO;
				DEBUG_INFORMATION_FORMAT = "dwarf-with-dsym";
				ENABLE_NS_ASSERTIONS = NO;
				ENABLE_STRICT_OBJC_MSGSEND = YES;
				ENABLE_USER_SCRIPT_SANDBOXING = YES;
				GCC_C_LANGUAGE_STANDARD = gnu17;
				GCC_NO_COMMON_BLOCKS = YES;
				GCC_WARN_64_TO_32_BIT_CONVERSION = YES;
				GCC_WARN_ABOUT_RETURN_TYPE = YES_ERROR;
				GCC_WARN_UNDECLARED_SELECTOR = YES;
				GCC_WARN_UNINITIALIZED_AUTOS = YES_AGGRESSIVE;
				GCC_WARN_UNUSED_FUNCTION = YES;
				GCC_WARN_UNUSED_VARIABLE = YES;
				IPHONEOS_DEPLOYMENT_TARGET = 17.2;
				LOCALIZATION_PREFERS_STRING_CATALOGS = YES;
				MTL_ENABLE_DEBUG_INFO = NO;
				MTL_FAST_MATH = YES;
				SDKROOT = iphoneos;
				SWIFT_COMPILATION_MODE = wholemodule;
				VALIDATE_PRODUCT = YES;
			};
			name = Release;
		};
		7E46178C2E46926200EFAA01 /* Debug */ = {
			isa = XCBuildConfiguration;
			buildSettings = {
				ASSETCATALOG_COMPILER_APPICON_NAME = AppIcon;
				ASSETCATALOG_COMPILER_GLOBAL_ACCENT_COLOR_NAME = AccentColor;
				CODE_SIGN_ENTITLEMENTS = HeyFriend/HeyFriend.entitlements;
				CODE_SIGN_STYLE = Automatic;
				CURRENT_PROJECT_VERSION = 1;
				DEVELOPMENT_ASSET_PATHS = "\"HeyFriend/Preview Content\"";
				DEVELOPMENT_TEAM = L7C4H63L7Z;
				ENABLE_PREVIEWS = YES;
				GENERATE_INFOPLIST_FILE = YES;
				INFOPLIST_FILE = HeyFriend/Info.plist;
				INFOPLIST_KEY_NSMicrophoneUsageDescription = "We need access to your mic to start a chat session.";
				INFOPLIST_KEY_NSSpeechRecognitionUsageDescription = "We need access to transcribe your voice into text.";
				INFOPLIST_KEY_UIApplicationSceneManifest_Generation = YES;
				INFOPLIST_KEY_UIApplicationSupportsIndirectInputEvents = YES;
				INFOPLIST_KEY_UILaunchScreen_Generation = YES;
				INFOPLIST_KEY_UISupportedInterfaceOrientations = UIInterfaceOrientationPortrait;
				INFOPLIST_KEY_UISupportedInterfaceOrientations_iPad = "UIInterfaceOrientationLandscapeLeft UIInterfaceOrientationLandscapeRight UIInterfaceOrientationPortrait UIInterfaceOrientationPortraitUpsideDown";
				LD_RUNPATH_SEARCH_PATHS = (
					"$(inherited)",
					"@executable_path/Frameworks",
				);
				MARKETING_VERSION = 1.0;
				PRODUCT_BUNDLE_IDENTIFIER = com.denistatar.HeyFriend;
				PRODUCT_NAME = "$(TARGET_NAME)";
				SWIFT_EMIT_LOC_STRINGS = YES;
				SWIFT_VERSION = 5.0;
				TARGETED_DEVICE_FAMILY = "1,2";
			};
			name = Debug;
		};
		7E46178D2E46926200EFAA01 /* Release */ = {
			isa = XCBuildConfiguration;
			buildSettings = {
				ASSETCATALOG_COMPILER_APPICON_NAME = AppIcon;
				ASSETCATALOG_COMPILER_GLOBAL_ACCENT_COLOR_NAME = AccentColor;
				CODE_SIGN_ENTITLEMENTS = HeyFriend/HeyFriend.entitlements;
				CODE_SIGN_STYLE = Automatic;
				CURRENT_PROJECT_VERSION = 1;
				DEVELOPMENT_ASSET_PATHS = "\"HeyFriend/Preview Content\"";
				DEVELOPMENT_TEAM = L7C4H63L7Z;
				ENABLE_PREVIEWS = YES;
				GENERATE_INFOPLIST_FILE = YES;
				INFOPLIST_FILE = HeyFriend/Info.plist;
				INFOPLIST_KEY_NSMicrophoneUsageDescription = "We need access to your mic to start a chat session.";
				INFOPLIST_KEY_NSSpeechRecognitionUsageDescription = "We need access to transcribe your voice into text.";
				INFOPLIST_KEY_UIApplicationSceneManifest_Generation = YES;
				INFOPLIST_KEY_UIApplicationSupportsIndirectInputEvents = YES;
				INFOPLIST_KEY_UILaunchScreen_Generation = YES;
				INFOPLIST_KEY_UISupportedInterfaceOrientations = UIInterfaceOrientationPortrait;
				INFOPLIST_KEY_UISupportedInterfaceOrientations_iPad = "UIInterfaceOrientationLandscapeLeft UIInterfaceOrientationLandscapeRight UIInterfaceOrientationPortrait UIInterfaceOrientationPortraitUpsideDown";
				LD_RUNPATH_SEARCH_PATHS = (
					"$(inherited)",
					"@executable_path/Frameworks",
				);
				MARKETING_VERSION = 1.0;
				PRODUCT_BUNDLE_IDENTIFIER = com.denistatar.HeyFriend;
				PRODUCT_NAME = "$(TARGET_NAME)";
				SWIFT_EMIT_LOC_STRINGS = YES;
				SWIFT_VERSION = 5.0;
				TARGETED_DEVICE_FAMILY = "1,2";
			};
			name = Release;
		};
		7E46178F2E46926200EFAA01 /* Debug */ = {
			isa = XCBuildConfiguration;
			buildSettings = {
				ALWAYS_EMBED_SWIFT_STANDARD_LIBRARIES = YES;
				BUNDLE_LOADER = "$(TEST_HOST)";
				CODE_SIGN_STYLE = Automatic;
				CURRENT_PROJECT_VERSION = 1;
				DEVELOPMENT_TEAM = L7C4H63L7Z;
				GENERATE_INFOPLIST_FILE = YES;
				IPHONEOS_DEPLOYMENT_TARGET = 17.2;
				MARKETING_VERSION = 1.0;
				PRODUCT_BUNDLE_IDENTIFIER = com.denistatar.HeyFriendTests;
				PRODUCT_NAME = "$(TARGET_NAME)";
				SWIFT_EMIT_LOC_STRINGS = NO;
				SWIFT_VERSION = 5.0;
				TARGETED_DEVICE_FAMILY = "1,2";
				TEST_HOST = "$(BUILT_PRODUCTS_DIR)/HeyFriend.app/$(BUNDLE_EXECUTABLE_FOLDER_PATH)/HeyFriend";
			};
			name = Debug;
		};
		7E4617902E46926200EFAA01 /* Release */ = {
			isa = XCBuildConfiguration;
			buildSettings = {
				ALWAYS_EMBED_SWIFT_STANDARD_LIBRARIES = YES;
				BUNDLE_LOADER = "$(TEST_HOST)";
				CODE_SIGN_STYLE = Automatic;
				CURRENT_PROJECT_VERSION = 1;
				DEVELOPMENT_TEAM = L7C4H63L7Z;
				GENERATE_INFOPLIST_FILE = YES;
				IPHONEOS_DEPLOYMENT_TARGET = 17.2;
				MARKETING_VERSION = 1.0;
				PRODUCT_BUNDLE_IDENTIFIER = com.denistatar.HeyFriendTests;
				PRODUCT_NAME = "$(TARGET_NAME)";
				SWIFT_EMIT_LOC_STRINGS = NO;
				SWIFT_VERSION = 5.0;
				TARGETED_DEVICE_FAMILY = "1,2";
				TEST_HOST = "$(BUILT_PRODUCTS_DIR)/HeyFriend.app/$(BUNDLE_EXECUTABLE_FOLDER_PATH)/HeyFriend";
			};
			name = Release;
		};
		7E4617922E46926200EFAA01 /* Debug */ = {
			isa = XCBuildConfiguration;
			buildSettings = {
				ALWAYS_EMBED_SWIFT_STANDARD_LIBRARIES = YES;
				CODE_SIGN_STYLE = Automatic;
				CURRENT_PROJECT_VERSION = 1;
				DEVELOPMENT_TEAM = L7C4H63L7Z;
				GENERATE_INFOPLIST_FILE = YES;
				MARKETING_VERSION = 1.0;
				PRODUCT_BUNDLE_IDENTIFIER = com.denistatar.HeyFriendUITests;
				PRODUCT_NAME = "$(TARGET_NAME)";
				SWIFT_EMIT_LOC_STRINGS = NO;
				SWIFT_VERSION = 5.0;
				TARGETED_DEVICE_FAMILY = "1,2";
				TEST_TARGET_NAME = HeyFriend;
			};
			name = Debug;
		};
		7E4617932E46926200EFAA01 /* Release */ = {
			isa = XCBuildConfiguration;
			buildSettings = {
				ALWAYS_EMBED_SWIFT_STANDARD_LIBRARIES = YES;
				CODE_SIGN_STYLE = Automatic;
				CURRENT_PROJECT_VERSION = 1;
				DEVELOPMENT_TEAM = L7C4H63L7Z;
				GENERATE_INFOPLIST_FILE = YES;
				MARKETING_VERSION = 1.0;
				PRODUCT_BUNDLE_IDENTIFIER = com.denistatar.HeyFriendUITests;
				PRODUCT_NAME = "$(TARGET_NAME)";
				SWIFT_EMIT_LOC_STRINGS = NO;
				SWIFT_VERSION = 5.0;
				TARGETED_DEVICE_FAMILY = "1,2";
				TEST_TARGET_NAME = HeyFriend;
			};
			name = Release;
		};
/* End XCBuildConfiguration section */

/* Begin XCConfigurationList section */
		7E4617622E46925F00EFAA01 /* Build configuration list for PBXProject "HeyFriend" */ = {
			isa = XCConfigurationList;
			buildConfigurations = (
				7E4617892E46926200EFAA01 /* Debug */,
				7E46178A2E46926200EFAA01 /* Release */,
			);
			defaultConfigurationIsVisible = 0;
			defaultConfigurationName = Release;
		};
		7E46178B2E46926200EFAA01 /* Build configuration list for PBXNativeTarget "HeyFriend" */ = {
			isa = XCConfigurationList;
			buildConfigurations = (
				7E46178C2E46926200EFAA01 /* Debug */,
				7E46178D2E46926200EFAA01 /* Release */,
			);
			defaultConfigurationIsVisible = 0;
			defaultConfigurationName = Release;
		};
		7E46178E2E46926200EFAA01 /* Build configuration list for PBXNativeTarget "HeyFriendTests" */ = {
			isa = XCConfigurationList;
			buildConfigurations = (
				7E46178F2E46926200EFAA01 /* Debug */,
				7E4617902E46926200EFAA01 /* Release */,
			);
			defaultConfigurationIsVisible = 0;
			defaultConfigurationName = Release;
		};
		7E4617912E46926200EFAA01 /* Build configuration list for PBXNativeTarget "HeyFriendUITests" */ = {
			isa = XCConfigurationList;
			buildConfigurations = (
				7E4617922E46926200EFAA01 /* Debug */,
				7E4617932E46926200EFAA01 /* Release */,
			);
			defaultConfigurationIsVisible = 0;
			defaultConfigurationName = Release;
		};
/* End XCConfigurationList section */

/* Begin XCRemoteSwiftPackageReference section */
		7E085C7C2E60A86E00558D8C /* XCRemoteSwiftPackageReference "firebase-ios-sdk" */ = {
			isa = XCRemoteSwiftPackageReference;
			repositoryURL = "https://github.com/firebase/firebase-ios-sdk";
			requirement = {
				kind = upToNextMajorVersion;
				minimumVersion = 11.10.0;
			};
		};
		7E7098712E67B28F000A877D /* XCRemoteSwiftPackageReference "GoogleSignIn-iOS" */ = {
			isa = XCRemoteSwiftPackageReference;
			repositoryURL = "https://github.com/google/GoogleSignIn-iOS";
			requirement = {
				kind = upToNextMajorVersion;
				minimumVersion = 9.0.0;
			};
		};
/* End XCRemoteSwiftPackageReference section */

/* Begin XCSwiftPackageProductDependency section */
		7E085C7D2E60A86E00558D8C /* FirebaseAuth */ = {
			isa = XCSwiftPackageProductDependency;
			package = 7E085C7C2E60A86E00558D8C /* XCRemoteSwiftPackageReference "firebase-ios-sdk" */;
			productName = FirebaseAuth;
		};
		7E085C7F2E60A86E00558D8C /* FirebaseCore */ = {
			isa = XCSwiftPackageProductDependency;
			package = 7E085C7C2E60A86E00558D8C /* XCRemoteSwiftPackageReference "firebase-ios-sdk" */;
			productName = FirebaseCore;
		};
		7E085C812E60A86E00558D8C /* FirebaseFirestore */ = {
			isa = XCSwiftPackageProductDependency;
			package = 7E085C7C2E60A86E00558D8C /* XCRemoteSwiftPackageReference "firebase-ios-sdk" */;
			productName = FirebaseFirestore;
		};
		7E7098722E67B28F000A877D /* GoogleSignIn */ = {
			isa = XCSwiftPackageProductDependency;
			package = 7E7098712E67B28F000A877D /* XCRemoteSwiftPackageReference "GoogleSignIn-iOS" */;
			productName = GoogleSignIn;
		};
		7E7098742E67B28F000A877D /* GoogleSignInSwift */ = {
			isa = XCSwiftPackageProductDependency;
			package = 7E7098712E67B28F000A877D /* XCRemoteSwiftPackageReference "GoogleSignIn-iOS" */;
			productName = GoogleSignInSwift;
		};
/* End XCSwiftPackageProductDependency section */
	};
	rootObject = 7E46175F2E46925F00EFAA01 /* Project object */;
}
